
Microsoft Visual Studio Solution File, Format Version 12.00
# Visual Studio Version 16
VisualStudioVersion = 16.0.31321.278
MinimumVisualStudioVersion = 10.0.40219.1
Project("{FAE04EC0-301F-11D3-BF4B-00C04F79EFBC}") = "mh_skill_map", "mh_skill_map\mh_skill_map.csproj", "{426BE297-A120-4DF7-9CAA-4F2357ECA39B}"
EndProject
Global
	GlobalSection(SolutionConfigurationPlatforms) = preSolution
		Debug|Any CPU = Debug|Any CPU
		Release|Any CPU = Release|Any CPU
	EndGlobalSection
	GlobalSection(ProjectConfigurationPlatforms) = postSolution
		{426BE297-A120-4DF7-9CAA-4F2357ECA39B}.Debug|Any CPU.ActiveCfg = Debug|Any CPU
		{426BE297-A120-4DF7-9CAA-4F2357ECA39B}.Debug|Any CPU.Build.0 = Debug|Any CPU
		{426BE297-A120-4DF7-9CAA-4F2357ECA39B}.Release|Any CPU.ActiveCfg = Release|Any CPU
		{426BE297-A120-4DF7-9CAA-4F2357ECA39B}.Release|Any CPU.Build.0 = Release|Any CPU
	EndGlobalSection
	GlobalSection(SolutionProperties) = preSolution
		HideSolutionNode = FALSE
	EndGlobalSection
	GlobalSection(ExtensibilityGlobals) = postSolution
		SolutionGuid = {EE814274-D535-4B1B-9BA8-0FED9A17E01E}
	EndGlobalSection
EndGlobal
